#MicroXplorer Configuration settings - do not modify
ADC1.Channel-0\#ChannelRegularConversion=ADC_CHANNEL_8
ADC1.Channel-1\#ChannelRegularConversion=ADC_CHANNEL_9
ADC1.ContinuousConvMode=ENABLE
ADC1.IPParameters=Rank-0\#ChannelRegularConversion,master,Channel-0\#ChannelRegularConversion,SamplingTime-0\#ChannelRegularConversion,NbrOfConversionFlag,ScanConvMode,ContinuousConvMode,Rank-1\#ChannelRegularConversion,Channel-1\#ChannelRegularConversion,SamplingTime-1\#ChannelRegularConversion,NbrOfConversion
ADC1.NbrOfConversion=2
ADC1.NbrOfConversionFlag=1
ADC1.Rank-0\#ChannelRegularConversion=1
ADC1.Rank-1\#ChannelRegularConversion=2
ADC1.SamplingTime-0\#ChannelRegularConversion=ADC_SAMPLETIME_3CYCLES
ADC1.SamplingTime-1\#ChannelRegularConversion=ADC_SAMPLETIME_3CYCLES
ADC1.ScanConvMode=ENABLE
ADC1.master=1
CAD.formats=
CAD.pinconfig=
CAD.provider=
Dma.ADC1.1.Direction=DMA_PERIPH_TO_MEMORY
Dma.ADC1.1.FIFOMode=DMA_FIFOMODE_DISABLE
Dma.ADC1.1.Instance=DMA2_Stream0
Dma.ADC1.1.MemDataAlignment=DMA_MDATAALIGN_WORD
Dma.ADC1.1.MemInc=DMA_MINC_ENABLE
Dma.ADC1.1.Mode=DMA_CIRCULAR
Dma.ADC1.1.PeriphDataAlignment=DMA_PDATAALIGN_WORD
Dma.ADC1.1.PeriphInc=DMA_PINC_DISABLE
Dma.ADC1.1.Priority=DMA_PRIORITY_LOW
Dma.ADC1.1.RequestParameters=Instance,Direction,PeriphInc,MemInc,PeriphDataAlignment,MemDataAlignment,Mode,Priority,FIFOMode
Dma.Request0=SPI3_TX
Dma.Request1=ADC1
Dma.RequestsNb=2
Dma.SPI3_TX.0.Direction=DMA_MEMORY_TO_PERIPH
Dma.SPI3_TX.0.FIFOMode=DMA_FIFOMODE_ENABLE
Dma.SPI3_TX.0.FIFOThreshold=DMA_FIFO_THRESHOLD_FULL
Dma.SPI3_TX.0.Instance=DMA1_Stream5
Dma.SPI3_TX.0.MemBurst=DMA_MBURST_SINGLE
Dma.SPI3_TX.0.MemDataAlignment=DMA_MDATAALIGN_HALFWORD
Dma.SPI3_TX.0.MemInc=DMA_MINC_ENABLE
Dma.SPI3_TX.0.Mode=DMA_CIRCULAR
Dma.SPI3_TX.0.PeriphBurst=DMA_PBURST_SINGLE
Dma.SPI3_TX.0.PeriphDataAlignment=DMA_PDATAALIGN_HALFWORD
Dma.SPI3_TX.0.PeriphInc=DMA_PINC_DISABLE
Dma.SPI3_TX.0.Priority=DMA_PRIORITY_LOW
Dma.SPI3_TX.0.RequestParameters=Instance,Direction,PeriphInc,MemInc,PeriphDataAlignment,MemDataAlignment,Mode,Priority,FIFOMode,FIFOThreshold,MemBurst,PeriphBurst
File.Version=6
GPIO.groupedBy=Group By Peripherals
I2S3.AudioFreq=I2S_AUDIOFREQ_44K
I2S3.ErrorAudioFreq=10.97 %
I2S3.FullDuplexMode=I2S_FULLDUPLEXMODE_DISABLE
I2S3.IPParameters=Instance,VirtualMode,FullDuplexMode,RealAudioFreq,ErrorAudioFreq,AudioFreq
I2S3.Instance=SPI$Index
I2S3.RealAudioFreq=48.828 KHz
I2S3.VirtualMode=I2S_MODE_MASTER
KeepUserPlacement=false
Mcu.CPN=STM32F407VGT6
Mcu.Family=STM32F4
Mcu.IP0=ADC1
Mcu.IP1=DMA
Mcu.IP10=USART1
Mcu.IP11=USART2
Mcu.IP12=USART3
Mcu.IP2=I2C1
Mcu.IP3=I2S3
Mcu.IP4=NVIC
Mcu.IP5=RCC
Mcu.IP6=SPI1
Mcu.IP7=SPI2
Mcu.IP8=SYS
Mcu.IP9=TIM2
Mcu.IPNb=13
Mcu.Name=STM32F407V(E-G)Tx
Mcu.Package=LQFP100
Mcu.Pin0=PE4
Mcu.Pin1=PH0-OSC_IN
Mcu.Pin10=PB0
Mcu.Pin11=PB1
Mcu.Pin12=PB2
Mcu.Pin13=PE7
Mcu.Pin14=PE8
Mcu.Pin15=PE9
Mcu.Pin16=PE10
Mcu.Pin17=PE11
Mcu.Pin18=PE12
Mcu.Pin19=PE13
Mcu.Pin2=PH1-OSC_OUT
Mcu.Pin20=PE14
Mcu.Pin21=PB10
Mcu.Pin22=PB11
Mcu.Pin23=PB12
Mcu.Pin24=PB13
Mcu.Pin25=PB14
Mcu.Pin26=PB15
Mcu.Pin27=PD8
Mcu.Pin28=PD9
Mcu.Pin29=PD11
Mcu.Pin3=PA0-WKUP
Mcu.Pin30=PD12
Mcu.Pin31=PD13
Mcu.Pin32=PD14
Mcu.Pin33=PD15
Mcu.Pin34=PC7
Mcu.Pin35=PA9
Mcu.Pin36=PA10
Mcu.Pin37=PA13
Mcu.Pin38=PA14
Mcu.Pin39=PA15
Mcu.Pin4=PA2
Mcu.Pin40=PC10
Mcu.Pin41=PC12
Mcu.Pin42=PD7
Mcu.Pin43=PB8
Mcu.Pin44=PB9
Mcu.Pin45=PE0
Mcu.Pin46=PE1
Mcu.Pin47=VP_SYS_VS_tim7
Mcu.Pin5=PA3
Mcu.Pin6=PA4
Mcu.Pin7=PA5
Mcu.Pin8=PA6
Mcu.Pin9=PA7
Mcu.PinsNb=48
Mcu.ThirdPartyNb=0
Mcu.UserConstants=
Mcu.UserName=STM32F407VGTx
MxCube.Version=6.7.0
MxDb.Version=DB.6.0.70
NVIC.BusFault_IRQn=true\:0\:0\:false\:false\:true\:false\:false\:false
NVIC.DMA1_Stream5_IRQn=true\:0\:0\:false\:false\:true\:false\:true\:true
NVIC.DMA2_Stream0_IRQn=true\:0\:0\:false\:false\:true\:false\:true\:true
NVIC.DebugMonitor_IRQn=true\:0\:0\:false\:false\:true\:false\:false\:false
NVIC.EXTI0_IRQn=true\:15\:0\:true\:false\:true\:true\:true\:true
NVIC.ForceEnableDMAVector=true
NVIC.HardFault_IRQn=true\:0\:0\:false\:false\:true\:false\:false\:false
NVIC.MemoryManagement_IRQn=true\:0\:0\:false\:false\:true\:false\:false\:false
NVIC.NonMaskableInt_IRQn=true\:0\:0\:false\:false\:true\:false\:false\:false
NVIC.PendSV_IRQn=true\:0\:0\:false\:false\:true\:false\:false\:false
NVIC.PriorityGroup=NVIC_PRIORITYGROUP_4
NVIC.SVCall_IRQn=true\:0\:0\:false\:false\:true\:false\:false\:false
NVIC.SysTick_IRQn=true\:0\:0\:false\:false\:true\:false\:true\:false
NVIC.TIM7_IRQn=true\:15\:0\:false\:false\:true\:false\:true\:true
NVIC.TimeBase=TIM7_IRQn
NVIC.TimeBaseIP=TIM7
NVIC.USART2_IRQn=true\:0\:0\:false\:false\:true\:true\:true\:true
NVIC.USART3_IRQn=true\:0\:0\:false\:false\:true\:true\:true\:true
NVIC.UsageFault_IRQn=true\:0\:0\:false\:false\:true\:false\:false\:false
PA0-WKUP.GPIOParameters=GPIO_Label
PA0-WKUP.GPIO_Label=btn_blue
PA0-WKUP.Locked=true
PA0-WKUP.Signal=GPIO_Input
PA10.Mode=Asynchronous
PA10.Signal=USART1_RX
PA13.Mode=Serial_Wire
PA13.Signal=SYS_JTMS-SWDIO
PA14.Mode=Serial_Wire
PA14.Signal=SYS_JTCK-SWCLK
PA15.Locked=true
PA15.Signal=S_TIM2_CH1_ETR
PA2.Locked=true
PA2.Mode=Asynchronous
PA2.Signal=USART2_TX
PA3.Locked=true
PA3.Mode=Asynchronous
PA3.Signal=USART2_RX
PA4.Mode=Half_Duplex_Master
PA4.Signal=I2S3_WS
PA5.Locked=true
PA5.Mode=Full_Duplex_Master
PA5.Signal=SPI1_SCK
PA6.Mode=Full_Duplex_Master
PA6.Signal=SPI1_MISO
PA7.Mode=Full_Duplex_Master
PA7.Signal=SPI1_MOSI
PA9.Mode=Asynchronous
PA9.Signal=USART1_TX
PB0.Signal=ADCx_IN8
PB1.Signal=ADCx_IN9
PB10.Mode=Asynchronous
PB10.Signal=USART3_TX
PB11.Locked=true
PB11.Signal=GPIO_Output
PB12.Locked=true
PB12.Signal=GPIO_Output
PB13.Locked=true
PB13.Mode=Full_Duplex_Master
PB13.Signal=SPI2_SCK
PB14.Locked=true
PB14.Mode=Full_Duplex_Master
PB14.Signal=SPI2_MISO
PB15.Locked=true
PB15.Mode=Full_Duplex_Master
PB15.Signal=SPI2_MOSI
PB2.GPIOParameters=GPIO_Label
PB2.GPIO_Label=BOOT1
PB2.Locked=true
PB2.Signal=GPIO_Output
PB8.GPIOParameters=GPIO_Pu
PB8.GPIO_Pu=GPIO_PULLUP
PB8.Locked=true
PB8.Mode=I2C
PB8.Signal=I2C1_SCL
PB9.GPIOParameters=GPIO_Pu
PB9.GPIO_Pu=GPIO_PULLUP
PB9.Locked=true
PB9.Mode=I2C
PB9.Signal=I2C1_SDA
PC10.Mode=Half_Duplex_Master
PC10.Signal=I2S3_CK
PC12.Mode=Half_Duplex_Master
PC12.Signal=I2S3_SD
PC7.Mode=Master_Clock_Activated
PC7.Signal=I2S3_MCK
PD11.GPIOParameters=GPIO_Label
PD11.GPIO_Label=Bee
PD11.Locked=true
PD11.Signal=GPIO_Output
PD12.GPIOParameters=GPIO_Label
PD12.GPIO_Label=LED_Green
PD12.Locked=true
PD12.Signal=GPIO_Output
PD13.GPIOParameters=GPIO_Label
PD13.GPIO_Label=LED_Orange
PD13.Locked=true
PD13.Signal=GPIO_Output
PD14.GPIOParameters=GPIO_Label
PD14.GPIO_Label=LED_Red
PD14.Locked=true
PD14.Signal=GPIO_Output
PD15.GPIOParameters=GPIO_Label
PD15.GPIO_Label=LED_Blue
PD15.Locked=true
PD15.Signal=GPIO_Output
PD7.Locked=true
PD7.Signal=GPIO_Output
PD8.Locked=true
PD8.Signal=GPIO_Output
PD9.Mode=Asynchronous
PD9.Signal=USART3_RX
PE0.Locked=true
PE0.Signal=GPXTI0
PE1.Locked=true
PE1.Signal=GPIO_Output
PE10.GPIOParameters=GPIO_Label
PE10.GPIO_Label=R4
PE10.Locked=true
PE10.Signal=GPIO_Input
PE11.GPIOParameters=GPIO_Label
PE11.GPIO_Label=C1
PE11.Locked=true
PE11.Signal=GPIO_Output
PE12.GPIOParameters=GPIO_Label
PE12.GPIO_Label=C2
PE12.Locked=true
PE12.Signal=GPIO_Output
PE13.GPIOParameters=GPIO_Label
PE13.GPIO_Label=C3
PE13.Locked=true
PE13.Signal=GPIO_Output
PE14.GPIOParameters=GPIO_Label
PE14.GPIO_Label=C4
PE14.Locked=true
PE14.Signal=GPIO_Output
PE4.Locked=true
PE4.Signal=GPIO_Output
PE7.GPIOParameters=GPIO_Label
PE7.GPIO_Label=R1
PE7.Locked=true
PE7.Signal=GPIO_Input
PE8.GPIOParameters=GPIO_Label
PE8.GPIO_Label=R2
PE8.Locked=true
PE8.Signal=GPIO_Input
PE9.GPIOParameters=GPIO_Label
PE9.GPIO_Label=R3
PE9.Locked=true
PE9.Signal=GPIO_Input
PH0-OSC_IN.Mode=HSE-External-Oscillator
PH0-OSC_IN.Signal=RCC_OSC_IN
PH1-OSC_OUT.Mode=HSE-External-Oscillator
PH1-OSC_OUT.Signal=RCC_OSC_OUT
PinOutPanel.RotationAngle=0
ProjectManager.AskForMigrate=true
ProjectManager.BackupPrevious=false
ProjectManager.CompilerOptimize=6
ProjectManager.ComputerToolchain=false
ProjectManager.CoupleFile=false
ProjectManager.CustomerFirmwarePackage=
ProjectManager.DefaultFWLocation=true
ProjectManager.DeletePrevious=true
ProjectManager.DeviceId=STM32F407VGTx
ProjectManager.FirmwarePackage=STM32Cube FW_F4 V1.27.1
ProjectManager.FreePins=false
ProjectManager.HalAssertFull=false
ProjectManager.HeapSize=0x200
ProjectManager.KeepUserCode=true
ProjectManager.LastFirmware=true
ProjectManager.LibraryCopy=1
ProjectManager.MainLocation=Core/Src
ProjectManager.NoMain=false
ProjectManager.PreviousToolchain=
ProjectManager.ProjectBuild=false
ProjectManager.ProjectFileName=smart_lock.ioc
ProjectManager.ProjectName=smart_lock
ProjectManager.RegisterCallBack=
ProjectManager.StackSize=0x400
ProjectManager.TargetToolchain=STM32CubeIDE
ProjectManager.ToolChainLocation=
ProjectManager.UnderRoot=true
ProjectManager.functionlistsort=1-MX_GPIO_Init-GPIO-false-HAL-true,2-MX_DMA_Init-DMA-false-HAL-true,3-SystemClock_Config-RCC-false-HAL-false,4-MX_SPI1_Init-SPI1-false-HAL-true,5-MX_I2C1_Init-I2C1-false-HAL-true,6-MX_I2S3_Init-I2S3-false-HAL-true,7-MX_USART2_UART_Init-USART2-false-HAL-true,8-MX_ADC1_Init-ADC1-false-HAL-true,9-MX_SPI2_Init-SPI2-false-HAL-true,10-MX_TIM2_Init-TIM2-false-HAL-true,11-MX_USART3_UART_Init-USART3-false-HAL-true,12-MX_USART1_UART_Init-USART1-false-HAL-true
RCC.48MHZClocksFreq_Value=45000000
RCC.AHBFreq_Value=90000000
RCC.APB1CLKDivider=RCC_HCLK_DIV4
RCC.APB1Freq_Value=22500000
RCC.APB1TimFreq_Value=45000000
RCC.APB2CLKDivider=RCC_HCLK_DIV2
RCC.APB2Freq_Value=45000000
RCC.APB2TimFreq_Value=90000000
RCC.CortexFreq_Value=90000000
RCC.EthernetFreq_Value=90000000
RCC.FCLKCortexFreq_Value=90000000
RCC.FamilyName=M
RCC.HCLKFreq_Value=90000000
RCC.HSE_VALUE=8000000
RCC.HSI_VALUE=16000000
RCC.I2SClocksFreq_Value=50000000
RCC.IPParameters=48MHZClocksFreq_Value,AHBFreq_Value,APB1CLKDivider,APB1Freq_Value,APB1TimFreq_Value,APB2CLKDivider,APB2Freq_Value,APB2TimFreq_Value,CortexFreq_Value,EthernetFreq_Value,FCLKCortexFreq_Value,FamilyName,HCLKFreq_Value,HSE_VALUE,HSI_VALUE,I2SClocksFreq_Value,LSE_VALUE,LSI_VALUE,MCO2PinFreq_Value,PLLCLKFreq_Value,PLLI2SN,PLLM,PLLN,PLLQCLKFreq_Value,PLLSourceVirtual,RTCFreq_Value,RTCHSEDivFreq_Value,SYSCLKFreq_VALUE,SYSCLKSource,VCOI2SOutputFreq_Value,VCOInputFreq_Value,VCOOutputFreq_Value,VcooutputI2S
RCC.LSE_VALUE=32768
RCC.LSI_VALUE=32000
RCC.MCO2PinFreq_Value=90000000
RCC.PLLCLKFreq_Value=90000000
RCC.PLLI2SN=50
RCC.PLLM=4
RCC.PLLN=90
RCC.PLLQCLKFreq_Value=45000000
RCC.PLLSourceVirtual=RCC_PLLSOURCE_HSE
RCC.RTCFreq_Value=32000
RCC.RTCHSEDivFreq_Value=4000000
RCC.SYSCLKFreq_VALUE=90000000
RCC.SYSCLKSource=RCC_SYSCLKSOURCE_PLLCLK
RCC.VCOI2SOutputFreq_Value=100000000
RCC.VCOInputFreq_Value=2000000
RCC.VCOOutputFreq_Value=180000000
RCC.VcooutputI2S=50000000
SH.ADCx_IN8.0=ADC1_IN8,IN8
SH.ADCx_IN8.ConfNb=1
SH.ADCx_IN9.0=ADC1_IN9,IN9
SH.ADCx_IN9.ConfNb=1
SH.GPXTI0.0=GPIO_EXTI0
SH.GPXTI0.ConfNb=1
SH.S_TIM2_CH1_ETR.0=TIM2_CH1,PWM Generation1 CH1
SH.S_TIM2_CH1_ETR.ConfNb=1
SPI1.BaudRatePrescaler=SPI_BAUDRATEPRESCALER_32
SPI1.CalculateBaudRate=1.40625 MBits/s
SPI1.Direction=SPI_DIRECTION_2LINES
SPI1.IPParameters=VirtualType,Mode,Direction,CalculateBaudRate,BaudRatePrescaler
SPI1.Mode=SPI_MODE_MASTER
SPI1.VirtualType=VM_MASTER
SPI2.BaudRatePrescaler=SPI_BAUDRATEPRESCALER_32
SPI2.CalculateBaudRate=703.125 KBits/s
SPI2.Direction=SPI_DIRECTION_2LINES
SPI2.IPParameters=VirtualType,Mode,Direction,CalculateBaudRate,BaudRatePrescaler
SPI2.Mode=SPI_MODE_MASTER
SPI2.VirtualType=VM_MASTER
TIM2.Channel-PWM\ Generation1\ CH1=TIM_CHANNEL_1
TIM2.ClockDivision=TIM_CLOCKDIVISION_DIV1
TIM2.IPParameters=Channel-PWM Generation1 CH1,Period,Prescaler,ClockDivision
TIM2.Period=65535
TIM2.Prescaler=89
USART1.IPParameters=VirtualMode
USART1.VirtualMode=VM_ASYNC
USART2.BaudRate=9600
USART2.IPParameters=VirtualMode,BaudRate
USART2.VirtualMode=VM_ASYNC
USART3.IPParameters=VirtualMode
USART3.VirtualMode=VM_ASYNC
VP_SYS_VS_tim7.Mode=TIM7
VP_SYS_VS_tim7.Signal=SYS_VS_tim7
board=custom
isbadioc=false
